dependencies:
- name: dotnet-chart
  repository: file://../api_chart
  version: 0.1.0
- name: dotnet-migration
  repository: file://../migration_chart
  version: 0.1.0
- name: postgresql
  repository: oci://registry-1.docker.io/bitnamicharts
  version: 12.5.5
digest: sha256:91da9db42e8db2f9b325ac6dab4ec34d9dc8c303b7080cdd09badfdc9b084872
generated: "2023-10-19T11:38:12.000331+08:00"
