dependencies:
- name: dotnet-chart
  repository: file://../api_chart
  version: 0.1.0
- name: dotnet-migration
  repository: file://../migration_chart
  version: 0.1.0
- name: sulfoxide-bromine
  repository: oci://ghcr.io/atomicloud/sulfoxide.bromine
  version: 1.6.0
- name: postgresql
  repository: oci://registry-1.docker.io/bitnamicharts
  version: 12.5.5
digest: sha256:7686157d8877e06814c1d8d53cd5ea2c722c8a671a745519c74a295b10224ab6
generated: "2024-12-31T10:53:52.052516+08:00"
