dependencies:
- name: dotnet-chart
  repository: file://../api_chart
  version: 0.1.0
- name: dotnet-migration
  repository: file://../migration_chart
  version: 0.1.0
- name: sulfoxide-bromine
  repository: oci://ghcr.io/atomicloud/sulfoxide.bromine
  version: 1.1.1
- name: postgresql
  repository: oci://registry-1.docker.io/bitnamicharts
  version: 12.5.5
digest: sha256:17f4e26524001361d516d5014ff39a221f259de2f5ffd81e13a79b0bb2350c1e
generated: "2023-10-20T13:00:08.219088+08:00"
